
Microsoft Visual Studio Solution File, Format Version 12.00
# Visual Studio 15
VisualStudioVersion = 15.0.27703.2035
MinimumVisualStudioVersion = 10.0.40219.1
Project("{FAE04EC0-301F-11D3-BF4B-00C04F79EFBC}") = "BCSDirectory.WPF", "BCSDirectory\BCSDirectory.WPF.csproj", "{E81A3364-0150-41F9-982A-27124A9A427B}"
EndProject
Project("{FAE04EC0-301F-11D3-BF4B-00C04F79EFBC}") = "BCSDirectory.Console", "BCSDirectory.Console\BCSDirectory.Console.csproj", "{9E1D6972-CA15-403F-8173-0EBFD1BA092B}"
EndProject
Project("{FAE04EC0-301F-11D3-BF4B-00C04F79EFBC}") = "BCSDirectory.Models", "BCSDirectory.Models\BCSDirectory.Models.csproj", "{D29299C4-D0A7-4B8D-9EF7-9CB1B1767759}"
EndProject
Project("{FAE04EC0-301F-11D3-BF4B-00C04F79EFBC}") = "BCSDirectory.WebAPI", "BCSDirectory.WebAPI\BCSDirectory.WebAPI.csproj", "{E91499F0-BA43-49E2-9E3F-33F55DA4D97A}"
EndProject
Project("{FAE04EC0-301F-11D3-BF4B-00C04F79EFBC}") = "BCSDirectory.Common", "BCSDirectory.Common\BCSDirectory.Common.csproj", "{B78C780E-4C3B-497B-913E-52390FC50EB5}"
EndProject
Project("{FAE04EC0-301F-11D3-BF4B-00C04F79EFBC}") = "BCSDirectory.Services", "BCSDirectory.Services\BCSDirectory.Services.csproj", "{33BE57E7-4DC8-405B-9772-60D0CA6574DB}"
EndProject
Global
	GlobalSection(SolutionConfigurationPlatforms) = preSolution
		Debug|Any CPU = Debug|Any CPU
		Release|Any CPU = Release|Any CPU
	EndGlobalSection
	GlobalSection(ProjectConfigurationPlatforms) = postSolution
		{E81A3364-0150-41F9-982A-27124A9A427B}.Debug|Any CPU.ActiveCfg = Debug|Any CPU
		{E81A3364-0150-41F9-982A-27124A9A427B}.Debug|Any CPU.Build.0 = Debug|Any CPU
		{E81A3364-0150-41F9-982A-27124A9A427B}.Release|Any CPU.ActiveCfg = Release|Any CPU
		{E81A3364-0150-41F9-982A-27124A9A427B}.Release|Any CPU.Build.0 = Release|Any CPU
		{9E1D6972-CA15-403F-8173-0EBFD1BA092B}.Debug|Any CPU.ActiveCfg = Debug|Any CPU
		{9E1D6972-CA15-403F-8173-0EBFD1BA092B}.Debug|Any CPU.Build.0 = Debug|Any CPU
		{9E1D6972-CA15-403F-8173-0EBFD1BA092B}.Release|Any CPU.ActiveCfg = Release|Any CPU
		{9E1D6972-CA15-403F-8173-0EBFD1BA092B}.Release|Any CPU.Build.0 = Release|Any CPU
		{D29299C4-D0A7-4B8D-9EF7-9CB1B1767759}.Debug|Any CPU.ActiveCfg = Debug|Any CPU
		{D29299C4-D0A7-4B8D-9EF7-9CB1B1767759}.Debug|Any CPU.Build.0 = Debug|Any CPU
		{D29299C4-D0A7-4B8D-9EF7-9CB1B1767759}.Release|Any CPU.ActiveCfg = Release|Any CPU
		{D29299C4-D0A7-4B8D-9EF7-9CB1B1767759}.Release|Any CPU.Build.0 = Release|Any CPU
		{E91499F0-BA43-49E2-9E3F-33F55DA4D97A}.Debug|Any CPU.ActiveCfg = Debug|Any CPU
		{E91499F0-BA43-49E2-9E3F-33F55DA4D97A}.Debug|Any CPU.Build.0 = Debug|Any CPU
		{E91499F0-BA43-49E2-9E3F-33F55DA4D97A}.Release|Any CPU.ActiveCfg = Release|Any CPU
		{E91499F0-BA43-49E2-9E3F-33F55DA4D97A}.Release|Any CPU.Build.0 = Release|Any CPU
		{B78C780E-4C3B-497B-913E-52390FC50EB5}.Debug|Any CPU.ActiveCfg = Debug|Any CPU
		{B78C780E-4C3B-497B-913E-52390FC50EB5}.Debug|Any CPU.Build.0 = Debug|Any CPU
		{B78C780E-4C3B-497B-913E-52390FC50EB5}.Release|Any CPU.ActiveCfg = Release|Any CPU
		{B78C780E-4C3B-497B-913E-52390FC50EB5}.Release|Any CPU.Build.0 = Release|Any CPU
		{33BE57E7-4DC8-405B-9772-60D0CA6574DB}.Debug|Any CPU.ActiveCfg = Debug|Any CPU
		{33BE57E7-4DC8-405B-9772-60D0CA6574DB}.Debug|Any CPU.Build.0 = Debug|Any CPU
		{33BE57E7-4DC8-405B-9772-60D0CA6574DB}.Release|Any CPU.ActiveCfg = Release|Any CPU
		{33BE57E7-4DC8-405B-9772-60D0CA6574DB}.Release|Any CPU.Build.0 = Release|Any CPU
	EndGlobalSection
	GlobalSection(SolutionProperties) = preSolution
		HideSolutionNode = FALSE
	EndGlobalSection
	GlobalSection(ExtensibilityGlobals) = postSolution
		SolutionGuid = {F42BA712-5D8D-4164-978B-D5659B0C0E4D}
	EndGlobalSection
EndGlobal
